// !$*UTF8*$!
{
	archiveVersion = 1;
	classes = {
	};
	objectVersion = 52;
	objects = {

/* Begin PBXBuildFile section */
		410B4687241EC3F50016681E /* UpdateList.swift in Sources */ = {isa = PBXBuildFile; fileRef = 410B4686241EC3F50016681E /* UpdateList.swift */; };
		4124648B23F79FE700ABDEBC /* MenuView.swift in Sources */ = {isa = PBXBuildFile; fileRef = 4124648A23F79FE700ABDEBC /* MenuView.swift */; };
		412597D924257D4A00CABA76 /* Overpass-ExtraLight.ttf in Resources */ = {isa = PBXBuildFile; fileRef = 412597C824257D4A00CABA76 /* Overpass-ExtraLight.ttf */; };
		412597DA24257D4A00CABA76 /* Overpass-ThinItalic.ttf in Resources */ = {isa = PBXBuildFile; fileRef = 412597C924257D4A00CABA76 /* Overpass-ThinItalic.ttf */; };
		412597DB24257D4A00CABA76 /* Overpass-BoldItalic.ttf in Resources */ = {isa = PBXBuildFile; fileRef = 412597CA24257D4A00CABA76 /* Overpass-BoldItalic.ttf */; };
		412597DC24257D4A00CABA76 /* Overpass-LightItalic.ttf in Resources */ = {isa = PBXBuildFile; fileRef = 412597CB24257D4A00CABA76 /* Overpass-LightItalic.ttf */; };
		412597DD24257D4A00CABA76 /* Overpass-ExtraBoldItalic.ttf in Resources */ = {isa = PBXBuildFile; fileRef = 412597CC24257D4A00CABA76 /* Overpass-ExtraBoldItalic.ttf */; };
		412597DE24257D4A00CABA76 /* Overpass-Light.ttf in Resources */ = {isa = PBXBuildFile; fileRef = 412597CD24257D4A00CABA76 /* Overpass-Light.ttf */; };
		412597DF24257D4A00CABA76 /* Overpass-BlackItalic.ttf in Resources */ = {isa = PBXBuildFile; fileRef = 412597CE24257D4A00CABA76 /* Overpass-BlackItalic.ttf */; };
		412597E024257D4A00CABA76 /* Overpass-Regular.ttf in Resources */ = {isa = PBXBuildFile; fileRef = 412597CF24257D4A00CABA76 /* Overpass-Regular.ttf */; };
		412597E124257D4A00CABA76 /* Overpass-SemiBoldItalic.ttf in Resources */ = {isa = PBXBuildFile; fileRef = 412597D024257D4A00CABA76 /* Overpass-SemiBoldItalic.ttf */; };
		412597E224257D4A00CABA76 /* Overpass-ExtraLightItalic.ttf in Resources */ = {isa = PBXBuildFile; fileRef = 412597D124257D4A00CABA76 /* Overpass-ExtraLightItalic.ttf */; };
		412597E324257D4A00CABA76 /* OFL.txt in Resources */ = {isa = PBXBuildFile; fileRef = 412597D224257D4A00CABA76 /* OFL.txt */; };
		412597E424257D4A00CABA76 /* Overpass-Black.ttf in Resources */ = {isa = PBXBuildFile; fileRef = 412597D324257D4A00CABA76 /* Overpass-Black.ttf */; };
		412597E524257D4A00CABA76 /* Overpass-SemiBold.ttf in Resources */ = {isa = PBXBuildFile; fileRef = 412597D424257D4A00CABA76 /* Overpass-SemiBold.ttf */; };
		412597E624257D4A00CABA76 /* Overpass-Bold.ttf in Resources */ = {isa = PBXBuildFile; fileRef = 412597D524257D4A00CABA76 /* Overpass-Bold.ttf */; };
		412597E724257D4A00CABA76 /* Overpass-Italic.ttf in Resources */ = {isa = PBXBuildFile; fileRef = 412597D624257D4A00CABA76 /* Overpass-Italic.ttf */; };
		412597E824257D4A00CABA76 /* Overpass-ExtraBold.ttf in Resources */ = {isa = PBXBuildFile; fileRef = 412597D724257D4A00CABA76 /* Overpass-ExtraBold.ttf */; };
		412597E924257D4A00CABA76 /* Overpass-Thin.ttf in Resources */ = {isa = PBXBuildFile; fileRef = 412597D824257D4A00CABA76 /* Overpass-Thin.ttf */; };
		41565E12241FE752001B5C9B /* UpdateDetail.swift in Sources */ = {isa = PBXBuildFile; fileRef = 41565E11241FE752001B5C9B /* UpdateDetail.swift */; };
		4166848C242171780011B025 /* UpdateStore.swift in Sources */ = {isa = PBXBuildFile; fileRef = 4166848B242171780011B025 /* UpdateStore.swift */; };
		41740C7523FCECA9009F8E44 /* Home.swift in Sources */ = {isa = PBXBuildFile; fileRef = 41740C7423FCECA9009F8E44 /* Home.swift */; };
		418CE1B52422EDD9003B297A /* TabBar.swift in Sources */ = {isa = PBXBuildFile; fileRef = 418CE1B42422EDD9003B297A /* TabBar.swift */; };
		419A465F242560CC006C2D3E /* Modifiers.swift in Sources */ = {isa = PBXBuildFile; fileRef = 419A465E242560CC006C2D3E /* Modifiers.swift */; };
		41B7818C2438060000CD5332 /* CourseDetail.swift in Sources */ = {isa = PBXBuildFile; fileRef = 41B7818B2438060000CD5332 /* CourseDetail.swift */; };
		41C76B32242409F3007E3545 /* RingView.swift in Sources */ = {isa = PBXBuildFile; fileRef = 41C76B31242409F3007E3545 /* RingView.swift */; };
		41C9C288242A88AF00507E51 /* CourseList.swift in Sources */ = {isa = PBXBuildFile; fileRef = 41C9C287242A88AF00507E51 /* CourseList.swift */; };
		41D91CBA24184AC600E804E1 /* HomeView.swift in Sources */ = {isa = PBXBuildFile; fileRef = 41D91CB924184AC600E804E1 /* HomeView.swift */; };
		41E1368723F0C9FB00F39FDA /* AppDelegate.swift in Sources */ = {isa = PBXBuildFile; fileRef = 41E1368623F0C9FB00F39FDA /* AppDelegate.swift */; };
		41E1368923F0C9FB00F39FDA /* SceneDelegate.swift in Sources */ = {isa = PBXBuildFile; fileRef = 41E1368823F0C9FB00F39FDA /* SceneDelegate.swift */; };
		41E1368B23F0C9FB00F39FDA /* ContentView.swift in Sources */ = {isa = PBXBuildFile; fileRef = 41E1368A23F0C9FB00F39FDA /* ContentView.swift */; };
		41E1368D23F0C9FC00F39FDA /* Assets.xcassets in Resources */ = {isa = PBXBuildFile; fileRef = 41E1368C23F0C9FC00F39FDA /* Assets.xcassets */; };
		41E1369023F0C9FC00F39FDA /* Preview Assets.xcassets in Resources */ = {isa = PBXBuildFile; fileRef = 41E1368F23F0C9FC00F39FDA /* Preview Assets.xcassets */; };
		41E1369323F0C9FD00F39FDA /* LaunchScreen.storyboard in Resources */ = {isa = PBXBuildFile; fileRef = 41E1369123F0C9FD00F39FDA /* LaunchScreen.storyboard */; };
		E212D6F624553EA200629DC0 /* Buttons.swift in Sources */ = {isa = PBXBuildFile; fileRef = E212D6F524553EA200629DC0 /* Buttons.swift */; };
		E21C18C024465A4F003E0398 /* SDWebImageSwiftUI in Frameworks */ = {isa = PBXBuildFile; productRef = E21C18BF24465A4F003E0398 /* SDWebImageSwiftUI */; };
		E2389BE7246B8B62001C09F3 /* SuccessView.swift in Sources */ = {isa = PBXBuildFile; fileRef = E2389BE6246B8B62001C09F3 /* SuccessView.swift */; };
		E26341442443FD0400457D84 /* Contentful in Frameworks */ = {isa = PBXBuildFile; productRef = E26341432443FD0400457D84 /* Contentful */; };
		E26341462444A39500457D84 /* CourseStore.swift in Sources */ = {isa = PBXBuildFile; fileRef = E26341452444A39500457D84 /* CourseStore.swift */; };
		E27A935A243FF5E6007E50EF /* DataStore.swift in Sources */ = {isa = PBXBuildFile; fileRef = E27A9359243FF5E6007E50EF /* DataStore.swift */; };
		E29C8961245E3FDB00310528 /* LoginView.swift in Sources */ = {isa = PBXBuildFile; fileRef = E29C8960245E3FDB00310528 /* LoginView.swift */; };
		E2D2A7D02439956C00CDA7D2 /* Data.swift in Sources */ = {isa = PBXBuildFile; fileRef = E2D2A7CF2439956C00CDA7D2 /* Data.swift */; };
		E2D2A7D22439986400CDA7D2 /* PostList.swift in Sources */ = {isa = PBXBuildFile; fileRef = E2D2A7D12439986400CDA7D2 /* PostList.swift */; };
		E2E4D708244E8F110013F3A8 /* BlurView.swift in Sources */ = {isa = PBXBuildFile; fileRef = E2E4D707244E8F110013F3A8 /* BlurView.swift */; };
		E2F62FAC24670B71002FDEEC /* loading.json in Resources */ = {isa = PBXBuildFile; fileRef = E2F62FAA24670B71002FDEEC /* loading.json */; };
		E2F62FAD24670B71002FDEEC /* success.json in Resources */ = {isa = PBXBuildFile; fileRef = E2F62FAB24670B71002FDEEC /* success.json */; };
		E2F62FB024670EFA002FDEEC /* Lottie in Frameworks */ = {isa = PBXBuildFile; productRef = E2F62FAF24670EFA002FDEEC /* Lottie */; };
		E2F62FB22467101F002FDEEC /* LottieView.swift in Sources */ = {isa = PBXBuildFile; fileRef = E2F62FB12467101F002FDEEC /* LottieView.swift */; };
		E2F62FB424677C8B002FDEEC /* LoadingView.swift in Sources */ = {isa = PBXBuildFile; fileRef = E2F62FB324677C8B002FDEEC /* LoadingView.swift */; };
/* End PBXBuildFile section */

/* Begin PBXFileReference section */
		410B4686241EC3F50016681E /* UpdateList.swift */ = {isa = PBXFileReference; lastKnownFileType = sourcecode.swift; path = UpdateList.swift; sourceTree = "<group>"; };
		4124648A23F79FE700ABDEBC /* MenuView.swift */ = {isa = PBXFileReference; lastKnownFileType = sourcecode.swift; path = MenuView.swift; sourceTree = "<group>"; };
		412597C824257D4A00CABA76 /* Overpass-ExtraLight.ttf */ = {isa = PBXFileReference; lastKnownFileType = file; path = "Overpass-ExtraLight.ttf"; sourceTree = "<group>"; };
		412597C924257D4A00CABA76 /* Overpass-ThinItalic.ttf */ = {isa = PBXFileReference; lastKnownFileType = file; path = "Overpass-ThinItalic.ttf"; sourceTree = "<group>"; };
		412597CA24257D4A00CABA76 /* Overpass-BoldItalic.ttf */ = {isa = PBXFileReference; lastKnownFileType = file; path = "Overpass-BoldItalic.ttf"; sourceTree = "<group>"; };
		412597CB24257D4A00CABA76 /* Overpass-LightItalic.ttf */ = {isa = PBXFileReference; lastKnownFileType = file; path = "Overpass-LightItalic.ttf"; sourceTree = "<group>"; };
		412597CC24257D4A00CABA76 /* Overpass-ExtraBoldItalic.ttf */ = {isa = PBXFileReference; lastKnownFileType = file; path = "Overpass-ExtraBoldItalic.ttf"; sourceTree = "<group>"; };
		412597CD24257D4A00CABA76 /* Overpass-Light.ttf */ = {isa = PBXFileReference; lastKnownFileType = file; path = "Overpass-Light.ttf"; sourceTree = "<group>"; };
		412597CE24257D4A00CABA76 /* Overpass-BlackItalic.ttf */ = {isa = PBXFileReference; lastKnownFileType = file; path = "Overpass-BlackItalic.ttf"; sourceTree = "<group>"; };
		412597CF24257D4A00CABA76 /* Overpass-Regular.ttf */ = {isa = PBXFileReference; lastKnownFileType = file; path = "Overpass-Regular.ttf"; sourceTree = "<group>"; };
		412597D024257D4A00CABA76 /* Overpass-SemiBoldItalic.ttf */ = {isa = PBXFileReference; lastKnownFileType = file; path = "Overpass-SemiBoldItalic.ttf"; sourceTree = "<group>"; };
		412597D124257D4A00CABA76 /* Overpass-ExtraLightItalic.ttf */ = {isa = PBXFileReference; lastKnownFileType = file; path = "Overpass-ExtraLightItalic.ttf"; sourceTree = "<group>"; };
		412597D224257D4A00CABA76 /* OFL.txt */ = {isa = PBXFileReference; fileEncoding = 4; lastKnownFileType = text; path = OFL.txt; sourceTree = "<group>"; };
		412597D324257D4A00CABA76 /* Overpass-Black.ttf */ = {isa = PBXFileReference; lastKnownFileType = file; path = "Overpass-Black.ttf"; sourceTree = "<group>"; };
		412597D424257D4A00CABA76 /* Overpass-SemiBold.ttf */ = {isa = PBXFileReference; lastKnownFileType = file; path = "Overpass-SemiBold.ttf"; sourceTree = "<group>"; };
		412597D524257D4A00CABA76 /* Overpass-Bold.ttf */ = {isa = PBXFileReference; lastKnownFileType = file; path = "Overpass-Bold.ttf"; sourceTree = "<group>"; };
		412597D624257D4A00CABA76 /* Overpass-Italic.ttf */ = {isa = PBXFileReference; lastKnownFileType = file; path = "Overpass-Italic.ttf"; sourceTree = "<group>"; };
		412597D724257D4A00CABA76 /* Overpass-ExtraBold.ttf */ = {isa = PBXFileReference; lastKnownFileType = file; path = "Overpass-ExtraBold.ttf"; sourceTree = "<group>"; };
		412597D824257D4A00CABA76 /* Overpass-Thin.ttf */ = {isa = PBXFileReference; lastKnownFileType = file; path = "Overpass-Thin.ttf"; sourceTree = "<group>"; };
		41565E11241FE752001B5C9B /* UpdateDetail.swift */ = {isa = PBXFileReference; lastKnownFileType = sourcecode.swift; path = UpdateDetail.swift; sourceTree = "<group>"; };
		4166848B242171780011B025 /* UpdateStore.swift */ = {isa = PBXFileReference; lastKnownFileType = sourcecode.swift; path = UpdateStore.swift; sourceTree = "<group>"; };
		41740C7423FCECA9009F8E44 /* Home.swift */ = {isa = PBXFileReference; lastKnownFileType = sourcecode.swift; path = Home.swift; sourceTree = "<group>"; };
		418CE1B42422EDD9003B297A /* TabBar.swift */ = {isa = PBXFileReference; lastKnownFileType = sourcecode.swift; path = TabBar.swift; sourceTree = "<group>"; };
		419A465E242560CC006C2D3E /* Modifiers.swift */ = {isa = PBXFileReference; lastKnownFileType = sourcecode.swift; path = Modifiers.swift; sourceTree = "<group>"; };
		41B7818B2438060000CD5332 /* CourseDetail.swift */ = {isa = PBXFileReference; lastKnownFileType = sourcecode.swift; path = CourseDetail.swift; sourceTree = "<group>"; };
		41C76B31242409F3007E3545 /* RingView.swift */ = {isa = PBXFileReference; lastKnownFileType = sourcecode.swift; path = RingView.swift; sourceTree = "<group>"; };
		41C9C287242A88AF00507E51 /* CourseList.swift */ = {isa = PBXFileReference; lastKnownFileType = sourcecode.swift; path = CourseList.swift; sourceTree = "<group>"; };
		41D91CB924184AC600E804E1 /* HomeView.swift */ = {isa = PBXFileReference; lastKnownFileType = sourcecode.swift; path = HomeView.swift; sourceTree = "<group>"; };
		41E1368323F0C9FB00F39FDA /* DesignCode_1.app */ = {isa = PBXFileReference; explicitFileType = wrapper.application; includeInIndex = 0; path = DesignCode_1.app; sourceTree = BUILT_PRODUCTS_DIR; };
		41E1368623F0C9FB00F39FDA /* AppDelegate.swift */ = {isa = PBXFileReference; lastKnownFileType = sourcecode.swift; path = AppDelegate.swift; sourceTree = "<group>"; };
		41E1368823F0C9FB00F39FDA /* SceneDelegate.swift */ = {isa = PBXFileReference; lastKnownFileType = sourcecode.swift; path = SceneDelegate.swift; sourceTree = "<group>"; };
		41E1368A23F0C9FB00F39FDA /* ContentView.swift */ = {isa = PBXFileReference; lastKnownFileType = sourcecode.swift; path = ContentView.swift; sourceTree = "<group>"; };
		41E1368C23F0C9FC00F39FDA /* Assets.xcassets */ = {isa = PBXFileReference; lastKnownFileType = folder.assetcatalog; path = Assets.xcassets; sourceTree = "<group>"; };
		41E1368F23F0C9FC00F39FDA /* Preview Assets.xcassets */ = {isa = PBXFileReference; lastKnownFileType = folder.assetcatalog; path = "Preview Assets.xcassets"; sourceTree = "<group>"; };
		41E1369223F0C9FD00F39FDA /* Base */ = {isa = PBXFileReference; lastKnownFileType = file.storyboard; name = Base; path = Base.lproj/LaunchScreen.storyboard; sourceTree = "<group>"; };
		41E1369423F0C9FD00F39FDA /* Info.plist */ = {isa = PBXFileReference; lastKnownFileType = text.plist.xml; path = Info.plist; sourceTree = "<group>"; };
		E212D6F524553EA200629DC0 /* Buttons.swift */ = {isa = PBXFileReference; lastKnownFileType = sourcecode.swift; path = Buttons.swift; sourceTree = "<group>"; };
		E2389BE6246B8B62001C09F3 /* SuccessView.swift */ = {isa = PBXFileReference; lastKnownFileType = sourcecode.swift; path = SuccessView.swift; sourceTree = "<group>"; };
		E26341452444A39500457D84 /* CourseStore.swift */ = {isa = PBXFileReference; lastKnownFileType = sourcecode.swift; path = CourseStore.swift; sourceTree = "<group>"; };
		E27A9359243FF5E6007E50EF /* DataStore.swift */ = {isa = PBXFileReference; lastKnownFileType = sourcecode.swift; path = DataStore.swift; sourceTree = "<group>"; };
		E29C8960245E3FDB00310528 /* LoginView.swift */ = {isa = PBXFileReference; lastKnownFileType = sourcecode.swift; path = LoginView.swift; sourceTree = "<group>"; };
		E2D2A7CF2439956C00CDA7D2 /* Data.swift */ = {isa = PBXFileReference; lastKnownFileType = sourcecode.swift; path = Data.swift; sourceTree = "<group>"; };
		E2D2A7D12439986400CDA7D2 /* PostList.swift */ = {isa = PBXFileReference; lastKnownFileType = sourcecode.swift; path = PostList.swift; sourceTree = "<group>"; };
		E2E4D707244E8F110013F3A8 /* BlurView.swift */ = {isa = PBXFileReference; lastKnownFileType = sourcecode.swift; path = BlurView.swift; sourceTree = "<group>"; };
		E2F62FAA24670B71002FDEEC /* loading.json */ = {isa = PBXFileReference; fileEncoding = 4; lastKnownFileType = text.json; path = loading.json; sourceTree = "<group>"; };
		E2F62FAB24670B71002FDEEC /* success.json */ = {isa = PBXFileReference; fileEncoding = 4; lastKnownFileType = text.json; path = success.json; sourceTree = "<group>"; };
		E2F62FB12467101F002FDEEC /* LottieView.swift */ = {isa = PBXFileReference; lastKnownFileType = sourcecode.swift; path = LottieView.swift; sourceTree = "<group>"; };
		E2F62FB324677C8B002FDEEC /* LoadingView.swift */ = {isa = PBXFileReference; lastKnownFileType = sourcecode.swift; path = LoadingView.swift; sourceTree = "<group>"; };
/* End PBXFileReference section */

/* Begin PBXFrameworksBuildPhase section */
		41E1368023F0C9FB00F39FDA /* Frameworks */ = {
			isa = PBXFrameworksBuildPhase;
			buildActionMask = 2147483647;
			files = (
				E21C18C024465A4F003E0398 /* SDWebImageSwiftUI in Frameworks */,
				E26341442443FD0400457D84 /* Contentful in Frameworks */,
				E2F62FB024670EFA002FDEEC /* Lottie in Frameworks */,
			);
			runOnlyForDeploymentPostprocessing = 0;
		};
/* End PBXFrameworksBuildPhase section */

/* Begin PBXGroup section */
		412597C724257D4A00CABA76 /* Overpass */ = {
			isa = PBXGroup;
			children = (
				412597C824257D4A00CABA76 /* Overpass-ExtraLight.ttf */,
				412597C924257D4A00CABA76 /* Overpass-ThinItalic.ttf */,
				412597CA24257D4A00CABA76 /* Overpass-BoldItalic.ttf */,
				412597CB24257D4A00CABA76 /* Overpass-LightItalic.ttf */,
				412597CC24257D4A00CABA76 /* Overpass-ExtraBoldItalic.ttf */,
				412597CD24257D4A00CABA76 /* Overpass-Light.ttf */,
				412597CE24257D4A00CABA76 /* Overpass-BlackItalic.ttf */,
				412597CF24257D4A00CABA76 /* Overpass-Regular.ttf */,
				412597D024257D4A00CABA76 /* Overpass-SemiBoldItalic.ttf */,
				412597D124257D4A00CABA76 /* Overpass-ExtraLightItalic.ttf */,
				412597D224257D4A00CABA76 /* OFL.txt */,
				412597D324257D4A00CABA76 /* Overpass-Black.ttf */,
				412597D424257D4A00CABA76 /* Overpass-SemiBold.ttf */,
				412597D524257D4A00CABA76 /* Overpass-Bold.ttf */,
				412597D624257D4A00CABA76 /* Overpass-Italic.ttf */,
				412597D724257D4A00CABA76 /* Overpass-ExtraBold.ttf */,
				412597D824257D4A00CABA76 /* Overpass-Thin.ttf */,
			);
			path = Overpass;
			sourceTree = "<group>";
		};
		41E1367A23F0C9FB00F39FDA = {
			isa = PBXGroup;
			children = (
				41E1368523F0C9FB00F39FDA /* DesignCode_1 */,
				41E1368423F0C9FB00F39FDA /* Products */,
			);
			sourceTree = "<group>";
		};
		41E1368423F0C9FB00F39FDA /* Products */ = {
			isa = PBXGroup;
			children = (
				41E1368323F0C9FB00F39FDA /* DesignCode_1.app */,
			);
			name = Products;
			sourceTree = "<group>";
		};
		41E1368523F0C9FB00F39FDA /* DesignCode_1 */ = {
			isa = PBXGroup;
			children = (
				41E1368623F0C9FB00F39FDA /* AppDelegate.swift */,
				41E1368823F0C9FB00F39FDA /* SceneDelegate.swift */,
				41E1368A23F0C9FB00F39FDA /* ContentView.swift */,
				41C76B31242409F3007E3545 /* RingView.swift */,
				419A465E242560CC006C2D3E /* Modifiers.swift */,
				41740C7423FCECA9009F8E44 /* Home.swift */,
				41D91CB924184AC600E804E1 /* HomeView.swift */,
				E29C8960245E3FDB00310528 /* LoginView.swift */,
				41C9C287242A88AF00507E51 /* CourseList.swift */,
				E26341452444A39500457D84 /* CourseStore.swift */,
				41B7818B2438060000CD5332 /* CourseDetail.swift */,
				4124648A23F79FE700ABDEBC /* MenuView.swift */,
				410B4686241EC3F50016681E /* UpdateList.swift */,
				41565E11241FE752001B5C9B /* UpdateDetail.swift */,
				4166848B242171780011B025 /* UpdateStore.swift */,
				E2D2A7CF2439956C00CDA7D2 /* Data.swift */,
				E27A9359243FF5E6007E50EF /* DataStore.swift */,
				E2D2A7D12439986400CDA7D2 /* PostList.swift */,
				418CE1B42422EDD9003B297A /* TabBar.swift */,
				E2E4D707244E8F110013F3A8 /* BlurView.swift */,
				E2F62FB12467101F002FDEEC /* LottieView.swift */,
				E2F62FB324677C8B002FDEEC /* LoadingView.swift */,
				E2389BE6246B8B62001C09F3 /* SuccessView.swift */,
				E212D6F524553EA200629DC0 /* Buttons.swift */,
				41E1368C23F0C9FC00F39FDA /* Assets.xcassets */,
				E2F62FA924670B71002FDEEC /* Lottie */,
				412597C724257D4A00CABA76 /* Overpass */,
				41E1369123F0C9FD00F39FDA /* LaunchScreen.storyboard */,
				41E1369423F0C9FD00F39FDA /* Info.plist */,
				41E1368E23F0C9FC00F39FDA /* Preview Content */,
			);
			path = DesignCode_1;
			sourceTree = "<group>";
		};
		41E1368E23F0C9FC00F39FDA /* Preview Content */ = {
			isa = PBXGroup;
			children = (
				41E1368F23F0C9FC00F39FDA /* Preview Assets.xcassets */,
			);
			path = "Preview Content";
			sourceTree = "<group>";
		};
		E2F62FA924670B71002FDEEC /* Lottie */ = {
			isa = PBXGroup;
			children = (
				E2F62FAA24670B71002FDEEC /* loading.json */,
				E2F62FAB24670B71002FDEEC /* success.json */,
			);
			path = Lottie;
			sourceTree = "<group>";
		};
/* End PBXGroup section */

/* Begin PBXNativeTarget section */
		41E1368223F0C9FB00F39FDA /* DesignCode_1 */ = {
			isa = PBXNativeTarget;
			buildConfigurationList = 41E1369723F0C9FD00F39FDA /* Build configuration list for PBXNativeTarget "DesignCode_1" */;
			buildPhases = (
				41E1367F23F0C9FB00F39FDA /* Sources */,
				41E1368023F0C9FB00F39FDA /* Frameworks */,
				41E1368123F0C9FB00F39FDA /* Resources */,
			);
			buildRules = (
			);
			dependencies = (
			);
			name = DesignCode_1;
			packageProductDependencies = (
				E26341432443FD0400457D84 /* Contentful */,
				E21C18BF24465A4F003E0398 /* SDWebImageSwiftUI */,
				E2F62FAF24670EFA002FDEEC /* Lottie */,
			);
			productName = DesignCode_1;
			productReference = 41E1368323F0C9FB00F39FDA /* DesignCode_1.app */;
			productType = "com.apple.product-type.application";
		};
/* End PBXNativeTarget section */

/* Begin PBXProject section */
		41E1367B23F0C9FB00F39FDA /* Project object */ = {
			isa = PBXProject;
			attributes = {
				LastSwiftUpdateCheck = 1130;
				LastUpgradeCheck = 1130;
				ORGANIZATIONNAME = user163072;
				TargetAttributes = {
					41E1368223F0C9FB00F39FDA = {
						CreatedOnToolsVersion = 11.3.1;
					};
				};
			};
			buildConfigurationList = 41E1367E23F0C9FB00F39FDA /* Build configuration list for PBXProject "DesignCode_1" */;
			compatibilityVersion = "Xcode 9.3";
			developmentRegion = en;
			hasScannedForEncodings = 0;
			knownRegions = (
				en,
				Base,
			);
			mainGroup = 41E1367A23F0C9FB00F39FDA;
			packageReferences = (
				E26341422443FD0400457D84 /* XCRemoteSwiftPackageReference "contentful.swift" */,
				E21C18BE24465A4F003E0398 /* XCRemoteSwiftPackageReference "SDWebImageSwiftUI" */,
				E2F62FAE24670EFA002FDEEC /* XCRemoteSwiftPackageReference "lottie-ios" */,
			);
			productRefGroup = 41E1368423F0C9FB00F39FDA /* Products */;
			projectDirPath = "";
			projectRoot = "";
			targets = (
				41E1368223F0C9FB00F39FDA /* DesignCode_1 */,
			);
		};
/* End PBXProject section */

/* Begin PBXResourcesBuildPhase section */
		41E1368123F0C9FB00F39FDA /* Resources */ = {
			isa = PBXResourcesBuildPhase;
			buildActionMask = 2147483647;
			files = (
				412597E524257D4A00CABA76 /* Overpass-SemiBold.ttf in Resources */,
				412597E324257D4A00CABA76 /* OFL.txt in Resources */,
				412597E124257D4A00CABA76 /* Overpass-SemiBoldItalic.ttf in Resources */,
				412597E424257D4A00CABA76 /* Overpass-Black.ttf in Resources */,
				412597E024257D4A00CABA76 /* Overpass-Regular.ttf in Resources */,
				41E1369323F0C9FD00F39FDA /* LaunchScreen.storyboard in Resources */,
				412597DC24257D4A00CABA76 /* Overpass-LightItalic.ttf in Resources */,
				41E1369023F0C9FC00F39FDA /* Preview Assets.xcassets in Resources */,
				412597E824257D4A00CABA76 /* Overpass-ExtraBold.ttf in Resources */,
				412597E224257D4A00CABA76 /* Overpass-ExtraLightItalic.ttf in Resources */,
				412597DD24257D4A00CABA76 /* Overpass-ExtraBoldItalic.ttf in Resources */,
				E2F62FAC24670B71002FDEEC /* loading.json in Resources */,
				41E1368D23F0C9FC00F39FDA /* Assets.xcassets in Resources */,
				412597DA24257D4A00CABA76 /* Overpass-ThinItalic.ttf in Resources */,
				412597DE24257D4A00CABA76 /* Overpass-Light.ttf in Resources */,
				412597DB24257D4A00CABA76 /* Overpass-BoldItalic.ttf in Resources */,
				412597E624257D4A00CABA76 /* Overpass-Bold.ttf in Resources */,
				E2F62FAD24670B71002FDEEC /* success.json in Resources */,
				412597E924257D4A00CABA76 /* Overpass-Thin.ttf in Resources */,
				412597E724257D4A00CABA76 /* Overpass-Italic.ttf in Resources */,
				412597D924257D4A00CABA76 /* Overpass-ExtraLight.ttf in Resources */,
				412597DF24257D4A00CABA76 /* Overpass-BlackItalic.ttf in Resources */,
			);
			runOnlyForDeploymentPostprocessing = 0;
		};
/* End PBXResourcesBuildPhase section */

/* Begin PBXSourcesBuildPhase section */
		41E1367F23F0C9FB00F39FDA /* Sources */ = {
			isa = PBXSourcesBuildPhase;
			buildActionMask = 2147483647;
			files = (
				E26341462444A39500457D84 /* CourseStore.swift in Sources */,
				41E1368723F0C9FB00F39FDA /* AppDelegate.swift in Sources */,
				E2D2A7D02439956C00CDA7D2 /* Data.swift in Sources */,
				E27A935A243FF5E6007E50EF /* DataStore.swift in Sources */,
				4166848C242171780011B025 /* UpdateStore.swift in Sources */,
				410B4687241EC3F50016681E /* UpdateList.swift in Sources */,
				4124648B23F79FE700ABDEBC /* MenuView.swift in Sources */,
				419A465F242560CC006C2D3E /* Modifiers.swift in Sources */,
				41565E12241FE752001B5C9B /* UpdateDetail.swift in Sources */,
				E2F62FB22467101F002FDEEC /* LottieView.swift in Sources */,
				41C76B32242409F3007E3545 /* RingView.swift in Sources */,
				41740C7523FCECA9009F8E44 /* Home.swift in Sources */,
				41D91CBA24184AC600E804E1 /* HomeView.swift in Sources */,
				41E1368923F0C9FB00F39FDA /* SceneDelegate.swift in Sources */,
				E2D2A7D22439986400CDA7D2 /* PostList.swift in Sources */,
				41E1368B23F0C9FB00F39FDA /* ContentView.swift in Sources */,
				E2389BE7246B8B62001C09F3 /* SuccessView.swift in Sources */,
				E29C8961245E3FDB00310528 /* LoginView.swift in Sources */,
				E212D6F624553EA200629DC0 /* Buttons.swift in Sources */,
				41B7818C2438060000CD5332 /* CourseDetail.swift in Sources */,
				E2E4D708244E8F110013F3A8 /* BlurView.swift in Sources */,
				418CE1B52422EDD9003B297A /* TabBar.swift in Sources */,
				41C9C288242A88AF00507E51 /* CourseList.swift in Sources */,
				E2F62FB424677C8B002FDEEC /* LoadingView.swift in Sources */,
			);
			runOnlyForDeploymentPostprocessing = 0;
		};
/* End PBXSourcesBuildPhase section */

/* Begin PBXVariantGroup section */
		41E1369123F0C9FD00F39FDA /* LaunchScreen.storyboard */ = {
			isa = PBXVariantGroup;
			children = (
				41E1369223F0C9FD00F39FDA /* Base */,
			);
			name = LaunchScreen.storyboard;
			sourceTree = "<group>";
		};
/* End PBXVariantGroup section */

/* Begin XCBuildConfiguration section */
		41E1369523F0C9FD00F39FDA /* Debug */ = {
			isa = XCBuildConfiguration;
			buildSettings = {
				ALWAYS_SEARCH_USER_PATHS = NO;
				CLANG_ANALYZER_NONNULL = YES;
				CLANG_ANALYZER_NUMBER_OBJECT_CONVERSION = YES_AGGRESSIVE;
				CLANG_CXX_LANGUAGE_STANDARD = "gnu++14";
				CLANG_CXX_LIBRARY = "libc++";
				CLANG_ENABLE_MODULES = YES;
				CLANG_ENABLE_OBJC_ARC = YES;
				CLANG_ENABLE_OBJC_WEAK = YES;
				CLANG_WARN_BLOCK_CAPTURE_AUTORELEASING = YES;
				CLANG_WARN_BOOL_CONVERSION = YES;
				CLANG_WARN_COMMA = YES;
				CLANG_WARN_CONSTANT_CONVERSION = YES;
				CLANG_WARN_DEPRECATED_OBJC_IMPLEMENTATIONS = YES;
				CLANG_WARN_DIRECT_OBJC_ISA_USAGE = YES_ERROR;
				CLANG_WARN_DOCUMENTATION_COMMENTS = YES;
				CLANG_WARN_EMPTY_BODY = YES;
				CLANG_WARN_ENUM_CONVERSION = YES;
				CLANG_WARN_INFINITE_RECURSION = YES;
				CLANG_WARN_INT_CONVERSION = YES;
				CLANG_WARN_NON_LITERAL_NULL_CONVERSION = YES;
				CLANG_WARN_OBJC_IMPLICIT_RETAIN_SELF = YES;
				CLANG_WARN_OBJC_LITERAL_CONVERSION = YES;
				CLANG_WARN_OBJC_ROOT_CLASS = YES_ERROR;
				CLANG_WARN_RANGE_LOOP_ANALYSIS = YES;
				CLANG_WARN_STRICT_PROTOTYPES = YES;
				CLANG_WARN_SUSPICIOUS_MOVE = YES;
				CLANG_WARN_UNGUARDED_AVAILABILITY = YES_AGGRESSIVE;
				CLANG_WARN_UNREACHABLE_CODE = YES;
				CLANG_WARN__DUPLICATE_METHOD_MATCH = YES;
				COPY_PHASE_STRIP = NO;
				DEBUG_INFORMATION_FORMAT = dwarf;
				ENABLE_STRICT_OBJC_MSGSEND = YES;
				ENABLE_TESTABILITY = YES;
				GCC_C_LANGUAGE_STANDARD = gnu11;
				GCC_DYNAMIC_NO_PIC = NO;
				GCC_NO_COMMON_BLOCKS = YES;
				GCC_OPTIMIZATION_LEVEL = 0;
				GCC_PREPROCESSOR_DEFINITIONS = (
					"DEBUG=1",
					"$(inherited)",
				);
				GCC_WARN_64_TO_32_BIT_CONVERSION = YES;
				GCC_WARN_ABOUT_RETURN_TYPE = YES_ERROR;
				GCC_WARN_UNDECLARED_SELECTOR = YES;
				GCC_WARN_UNINITIALIZED_AUTOS = YES_AGGRESSIVE;
				GCC_WARN_UNUSED_FUNCTION = YES;
				GCC_WARN_UNUSED_VARIABLE = YES;
				IPHONEOS_DEPLOYMENT_TARGET = 13.2;
				MTL_ENABLE_DEBUG_INFO = INCLUDE_SOURCE;
				MTL_FAST_MATH = YES;
				ONLY_ACTIVE_ARCH = YES;
				SDKROOT = iphoneos;
				SWIFT_ACTIVE_COMPILATION_CONDITIONS = DEBUG;
				SWIFT_OPTIMIZATION_LEVEL = "-Onone";
			};
			name = Debug;
		};
		41E1369623F0C9FD00F39FDA /* Release */ = {
			isa = XCBuildConfiguration;
			buildSettings = {
				ALWAYS_SEARCH_USER_PATHS = NO;
				CLANG_ANALYZER_NONNULL = YES;
				CLANG_ANALYZER_NUMBER_OBJECT_CONVERSION = YES_AGGRESSIVE;
				CLANG_CXX_LANGUAGE_STANDARD = "gnu++14";
				CLANG_CXX_LIBRARY = "libc++";
				CLANG_ENABLE_MODULES = YES;
				CLANG_ENABLE_OBJC_ARC = YES;
				CLANG_ENABLE_OBJC_WEAK = YES;
				CLANG_WARN_BLOCK_CAPTURE_AUTORELEASING = YES;
				CLANG_WARN_BOOL_CONVERSION = YES;
				CLANG_WARN_COMMA = YES;
				CLANG_WARN_CONSTANT_CONVERSION = YES;
				CLANG_WARN_DEPRECATED_OBJC_IMPLEMENTATIONS = YES;
				CLANG_WARN_DIRECT_OBJC_ISA_USAGE = YES_ERROR;
				CLANG_WARN_DOCUMENTATION_COMMENTS = YES;
				CLANG_WARN_EMPTY_BODY = YES;
				CLANG_WARN_ENUM_CONVERSION = YES;
				CLANG_WARN_INFINITE_RECURSION = YES;
				CLANG_WARN_INT_CONVERSION = YES;
				CLANG_WARN_NON_LITERAL_NULL_CONVERSION = YES;
				CLANG_WARN_OBJC_IMPLICIT_RETAIN_SELF = YES;
				CLANG_WARN_OBJC_LITERAL_CONVERSION = YES;
				CLANG_WARN_OBJC_ROOT_CLASS = YES_ERROR;
				CLANG_WARN_RANGE_LOOP_ANALYSIS = YES;
				CLANG_WARN_STRICT_PROTOTYPES = YES;
				CLANG_WARN_SUSPICIOUS_MOVE = YES;
				CLANG_WARN_UNGUARDED_AVAILABILITY = YES_AGGRESSIVE;
				CLANG_WARN_UNREACHABLE_CODE = YES;
				CLANG_WARN__DUPLICATE_METHOD_MATCH = YES;
				COPY_PHASE_STRIP = NO;
				DEBUG_INFORMATION_FORMAT = "dwarf-with-dsym";
				ENABLE_NS_ASSERTIONS = NO;
				ENABLE_STRICT_OBJC_MSGSEND = YES;
				GCC_C_LANGUAGE_STANDARD = gnu11;
				GCC_NO_COMMON_BLOCKS = YES;
				GCC_WARN_64_TO_32_BIT_CONVERSION = YES;
				GCC_WARN_ABOUT_RETURN_TYPE = YES_ERROR;
				GCC_WARN_UNDECLARED_SELECTOR = YES;
				GCC_WARN_UNINITIALIZED_AUTOS = YES_AGGRESSIVE;
				GCC_WARN_UNUSED_FUNCTION = YES;
				GCC_WARN_UNUSED_VARIABLE = YES;
				IPHONEOS_DEPLOYMENT_TARGET = 13.2;
				MTL_ENABLE_DEBUG_INFO = NO;
				MTL_FAST_MATH = YES;
				SDKROOT = iphoneos;
				SWIFT_COMPILATION_MODE = wholemodule;
				SWIFT_OPTIMIZATION_LEVEL = "-O";
				VALIDATE_PRODUCT = YES;
			};
			name = Release;
		};
		41E1369823F0C9FD00F39FDA /* Debug */ = {
			isa = XCBuildConfiguration;
			buildSettings = {
				ASSETCATALOG_COMPILER_APPICON_NAME = AppIcon;
				CODE_SIGN_STYLE = Automatic;
				DEAD_CODE_STRIPPING = NO;
				DEVELOPMENT_ASSET_PATHS = "\"DesignCode_1/Preview Content\"";
				ENABLE_PREVIEWS = YES;
				INFOPLIST_FILE = DesignCode_1/Info.plist;
				LD_RUNPATH_SEARCH_PATHS = (
					"$(inherited)",
					"@executable_path/Frameworks",
				);
				PRODUCT_BUNDLE_IDENTIFIER = "com.GeorgeDIV.DesignCode-1";
				PRODUCT_NAME = "$(TARGET_NAME)";
				SWIFT_VERSION = 5.0;
				TARGETED_DEVICE_FAMILY = "1,2";
			};
			name = Debug;
		};
		41E1369923F0C9FD00F39FDA /* Release */ = {
			isa = XCBuildConfiguration;
			buildSettings = {
				ASSETCATALOG_COMPILER_APPICON_NAME = AppIcon;
				CODE_SIGN_STYLE = Automatic;
				DEAD_CODE_STRIPPING = NO;
				DEVELOPMENT_ASSET_PATHS = "\"DesignCode_1/Preview Content\"";
				ENABLE_PREVIEWS = YES;
				INFOPLIST_FILE = DesignCode_1/Info.plist;
				LD_RUNPATH_SEARCH_PATHS = (
					"$(inherited)",
					"@executable_path/Frameworks",
				);
				PRODUCT_BUNDLE_IDENTIFIER = "com.GeorgeDIV.DesignCode-1";
				PRODUCT_NAME = "$(TARGET_NAME)";
				SWIFT_VERSION = 5.0;
				TARGETED_DEVICE_FAMILY = "1,2";
			};
			name = Release;
		};
/* End XCBuildConfiguration section */

/* Begin XCConfigurationList section */
		41E1367E23F0C9FB00F39FDA /* Build configuration list for PBXProject "DesignCode_1" */ = {
			isa = XCConfigurationList;
			buildConfigurations = (
				41E1369523F0C9FD00F39FDA /* Debug */,
				41E1369623F0C9FD00F39FDA /* Release */,
			);
			defaultConfigurationIsVisible = 0;
			defaultConfigurationName = Release;
		};
		41E1369723F0C9FD00F39FDA /* Build configuration list for PBXNativeTarget "DesignCode_1" */ = {
			isa = XCConfigurationList;
			buildConfigurations = (
				41E1369823F0C9FD00F39FDA /* Debug */,
				41E1369923F0C9FD00F39FDA /* Release */,
			);
			defaultConfigurationIsVisible = 0;
			defaultConfigurationName = Release;
		};
/* End XCConfigurationList section */

/* Begin XCRemoteSwiftPackageReference section */
		E21C18BE24465A4F003E0398 /* XCRemoteSwiftPackageReference "SDWebImageSwiftUI" */ = {
			isa = XCRemoteSwiftPackageReference;
			repositoryURL = "https://github.com/SDWebImage/SDWebImageSwiftUI.git";
			requirement = {
				kind = upToNextMajorVersion;
				minimumVersion = 1.3.2;
			};
		};
		E26341422443FD0400457D84 /* XCRemoteSwiftPackageReference "contentful.swift" */ = {
			isa = XCRemoteSwiftPackageReference;
			repositoryURL = "https://github.com/contentful/contentful.swift.git";
			requirement = {
				kind = upToNextMajorVersion;
				minimumVersion = 5.0.9;
			};
		};
		E2F62FAE24670EFA002FDEEC /* XCRemoteSwiftPackageReference "lottie-ios" */ = {
			isa = XCRemoteSwiftPackageReference;
			repositoryURL = "https://github.com/airbnb/lottie-ios.git";
			requirement = {
				kind = upToNextMajorVersion;
				minimumVersion = 3.1.8;
			};
		};
/* End XCRemoteSwiftPackageReference section */

/* Begin XCSwiftPackageProductDependency section */
		E21C18BF24465A4F003E0398 /* SDWebImageSwiftUI */ = {
			isa = XCSwiftPackageProductDependency;
			package = E21C18BE24465A4F003E0398 /* XCRemoteSwiftPackageReference "SDWebImageSwiftUI" */;
			productName = SDWebImageSwiftUI;
		};
		E26341432443FD0400457D84 /* Contentful */ = {
			isa = XCSwiftPackageProductDependency;
			package = E26341422443FD0400457D84 /* XCRemoteSwiftPackageReference "contentful.swift" */;
			productName = Contentful;
		};
		E2F62FAF24670EFA002FDEEC /* Lottie */ = {
			isa = XCSwiftPackageProductDependency;
			package = E2F62FAE24670EFA002FDEEC /* XCRemoteSwiftPackageReference "lottie-ios" */;
			productName = Lottie;
		};
/* End XCSwiftPackageProductDependency section */
	};
	rootObject = 41E1367B23F0C9FB00F39FDA /* Project object */;
}
